github.com/agnivade/levenshtein v1.2.0 h1:U9L4IOT0Y3i0TIlUIDJ7rVUziKi/zPbrJGaFrtYH3SY=
github.com/agnivade/levenshtein v1.2.0/go.mod h1:QVVI16kDrtSuwcpd0p1+xMC6Z/VfhtCyDIjcwga4/DU=
github.com/gorilla/mux v1.8.1 h1:TuBL49tXwgrFYWhqrNgrUNEY92u81SPhu7sTdzQEiWY=
github.com/gorilla/mux v1.8.1/go.mod h1:AKf9I4AEqPTmMytcMc0KkNouC66V3BtZ4qD5fmWSiMQ=
github.com/knakk/rdf v0.0.0-20190304171630-8521bf4c5042 h1:Vzdm5hdlLdpJOKK+hKtkV5u7xGZmNW6aUBjGcTfwx84=
github.com/knakk/rdf v0.0.0-20190304171630-8521bf4c5042/go.mod h1:fYE0718xXI13XMYLc6iHtvXudfyCGMsZ9hxSM1Ommpg=
gopkg.in/check.v1 v0.0.0-20161208181325-20d25e280405/go.mod h1:Co6ibVJAznAaIkqp8huTwlJQCZ016jof/cbN4VW5Yz0=
gopkg.in/yaml.v2 v2.4.0 h1:D8xgwECY7CYvx+Y2n4sBz93Jn9JRvxdiyyo8CTfuKaY=
gopkg.in/yaml.v2 v2.4.0/go.mod h1:RDklbk79AGWmwhnvt/jBztapEOGDOx6ZbXqjP6csGnQ=
